
Microsoft Visual Studio Solution File, Format Version 12.00
# Visual Studio Version 17
VisualStudioVersion = 17.0.31903.59
MinimumVisualStudioVersion = 10.0.40219.1
Project("{2150E333-8FDC-42A3-9474-1A3956D46DE8}") = "src", "src", "{E43F95B7-F632-4D26-AB79-0522D6ADFBFD}"
EndProject
Project("{FAE04EC0-301F-11D3-BF4B-00C04F79EFBC}") = "Kontroller.Test", "src\Kontroller.Test\Kontroller.Test.csproj", "{62B93DBE-6274-42C1-8035-1EC87ACC415B}"
EndProject
Project("{FAE04EC0-301F-11D3-BF4B-00C04F79EFBC}") = "Kontroller.API", "src\Kontroller.API\Kontroller.API.csproj", "{02E02129-29B0-46FA-B6BA-140666CE2DDA}"
EndProject
Global
	GlobalSection(SolutionConfigurationPlatforms) = preSolution
		Debug|Any CPU = Debug|Any CPU
		Release|Any CPU = Release|Any CPU
	EndGlobalSection
	GlobalSection(SolutionProperties) = preSolution
		HideSolutionNode = FALSE
	EndGlobalSection
	GlobalSection(ProjectConfigurationPlatforms) = postSolution
		{62B93DBE-6274-42C1-8035-1EC87ACC415B}.Debug|Any CPU.ActiveCfg = Debug|Any CPU
		{62B93DBE-6274-42C1-8035-1EC87ACC415B}.Debug|Any CPU.Build.0 = Debug|Any CPU
		{62B93DBE-6274-42C1-8035-1EC87ACC415B}.Release|Any CPU.ActiveCfg = Release|Any CPU
		{62B93DBE-6274-42C1-8035-1EC87ACC415B}.Release|Any CPU.Build.0 = Release|Any CPU
		{02E02129-29B0-46FA-B6BA-140666CE2DDA}.Debug|Any CPU.ActiveCfg = Debug|Any CPU
		{02E02129-29B0-46FA-B6BA-140666CE2DDA}.Debug|Any CPU.Build.0 = Debug|Any CPU
		{02E02129-29B0-46FA-B6BA-140666CE2DDA}.Release|Any CPU.ActiveCfg = Release|Any CPU
		{02E02129-29B0-46FA-B6BA-140666CE2DDA}.Release|Any CPU.Build.0 = Release|Any CPU
	EndGlobalSection
	GlobalSection(NestedProjects) = preSolution
		{62B93DBE-6274-42C1-8035-1EC87ACC415B} = {E43F95B7-F632-4D26-AB79-0522D6ADFBFD}
		{02E02129-29B0-46FA-B6BA-140666CE2DDA} = {E43F95B7-F632-4D26-AB79-0522D6ADFBFD}
	EndGlobalSection
EndGlobal
